
Microsoft Visual Studio Solution File, Format Version 12.00
# Visual Studio 14
VisualStudioVersion = 14.0.24720.0
MinimumVisualStudioVersion = 10.0.40219.1
Project("{FAE04EC0-301F-11D3-BF4B-00C04F79EFBC}") = "TerbilangApp", "TerbilangApp\TerbilangApp.csproj", "{F218DC8B-91F1-4791-9371-DD9C212E2CE1}"
EndProject
Project("{FAE04EC0-301F-11D3-BF4B-00C04F79EFBC}") = "TerbilangLibrary", "TerbilangLibrary\TerbilangLibrary.csproj", "{FCE17837-B8AE-4958-A065-0854E626331D}"
EndProject
Global
	GlobalSection(SolutionConfigurationPlatforms) = preSolution
		Debug|Any CPU = Debug|Any CPU
		Release|Any CPU = Release|Any CPU
	EndGlobalSection
	GlobalSection(ProjectConfigurationPlatforms) = postSolution
		{F218DC8B-91F1-4791-9371-DD9C212E2CE1}.Debug|Any CPU.ActiveCfg = Debug|Any CPU
		{F218DC8B-91F1-4791-9371-DD9C212E2CE1}.Debug|Any CPU.Build.0 = Debug|Any CPU
		{F218DC8B-91F1-4791-9371-DD9C212E2CE1}.Release|Any CPU.ActiveCfg = Release|Any CPU
		{F218DC8B-91F1-4791-9371-DD9C212E2CE1}.Release|Any CPU.Build.0 = Release|Any CPU
		{FCE17837-B8AE-4958-A065-0854E626331D}.Debug|Any CPU.ActiveCfg = Debug|Any CPU
		{FCE17837-B8AE-4958-A065-0854E626331D}.Debug|Any CPU.Build.0 = Debug|Any CPU
		{FCE17837-B8AE-4958-A065-0854E626331D}.Release|Any CPU.ActiveCfg = Release|Any CPU
		{FCE17837-B8AE-4958-A065-0854E626331D}.Release|Any CPU.Build.0 = Release|Any CPU
	EndGlobalSection
	GlobalSection(SolutionProperties) = preSolution
		HideSolutionNode = FALSE
	EndGlobalSection
EndGlobal
